
Microsoft Visual Studio Solution File, Format Version 12.00
# Visual Studio Version 16
VisualStudioVersion = 16.0.29009.5
MinimumVisualStudioVersion = 10.0.40219.1
Project("{FAE04EC0-301F-11D3-BF4B-00C04F79EFBC}") = "PodcastDownloader", "PodcastDownloader\PodcastDownloader.csproj", "{F7F8E201-39DE-4E62-A31B-C0A5C508B1A1}"
EndProject
Project("{FAE04EC0-301F-11D3-BF4B-00C04F79EFBC}") = "PodcastDownloader.Akka", "PodcastDownloader.Akka\PodcastDownloader.Akka.csproj", "{ADF40972-3CE4-418C-956B-4ABE487C7942}"
EndProject
Project("{FAE04EC0-301F-11D3-BF4B-00C04F79EFBC}") = "PodcastDownloader.Docker", "PodcastDownloader.Docker\PodcastDownloader.Docker.csproj", "{C45A4839-83F2-4193-9FEA-C86440D70730}"
EndProject
Global
	GlobalSection(SolutionConfigurationPlatforms) = preSolution
		Debug|Any CPU = Debug|Any CPU
		Release|Any CPU = Release|Any CPU
	EndGlobalSection
	GlobalSection(ProjectConfigurationPlatforms) = postSolution
		{F7F8E201-39DE-4E62-A31B-C0A5C508B1A1}.Debug|Any CPU.ActiveCfg = Debug|Any CPU
		{F7F8E201-39DE-4E62-A31B-C0A5C508B1A1}.Debug|Any CPU.Build.0 = Debug|Any CPU
		{F7F8E201-39DE-4E62-A31B-C0A5C508B1A1}.Release|Any CPU.ActiveCfg = Release|Any CPU
		{F7F8E201-39DE-4E62-A31B-C0A5C508B1A1}.Release|Any CPU.Build.0 = Release|Any CPU
		{ADF40972-3CE4-418C-956B-4ABE487C7942}.Debug|Any CPU.ActiveCfg = Debug|Any CPU
		{ADF40972-3CE4-418C-956B-4ABE487C7942}.Debug|Any CPU.Build.0 = Debug|Any CPU
		{ADF40972-3CE4-418C-956B-4ABE487C7942}.Release|Any CPU.ActiveCfg = Release|Any CPU
		{ADF40972-3CE4-418C-956B-4ABE487C7942}.Release|Any CPU.Build.0 = Release|Any CPU
		{C45A4839-83F2-4193-9FEA-C86440D70730}.Debug|Any CPU.ActiveCfg = Debug|Any CPU
		{C45A4839-83F2-4193-9FEA-C86440D70730}.Debug|Any CPU.Build.0 = Debug|Any CPU
		{C45A4839-83F2-4193-9FEA-C86440D70730}.Release|Any CPU.ActiveCfg = Release|Any CPU
		{C45A4839-83F2-4193-9FEA-C86440D70730}.Release|Any CPU.Build.0 = Release|Any CPU
	EndGlobalSection
	GlobalSection(SolutionProperties) = preSolution
		HideSolutionNode = FALSE
	EndGlobalSection
	GlobalSection(ExtensibilityGlobals) = postSolution
		SolutionGuid = {B9BA3546-6C62-42BC-8393-8037B3021398}
	EndGlobalSection
EndGlobal
